// !$*UTF8*$!
{
	archiveVersion = 1;
	classes = {
	};
	objectVersion = 46;
	objects = {

/* Begin PBXBuildFile section */
		770581131F4A9C8E0002B5B9 /* AppDelegate.swift in Sources */ = {isa = PBXBuildFile; fileRef = 770581121F4A9C8E0002B5B9 /* AppDelegate.swift */; };
		770581151F4A9C8E0002B5B9 /* ViewController.swift in Sources */ = {isa = PBXBuildFile; fileRef = 770581141F4A9C8E0002B5B9 /* ViewController.swift */; };
		770581181F4A9C8E0002B5B9 /* Main.storyboard in Resources */ = {isa = PBXBuildFile; fileRef = 770581161F4A9C8E0002B5B9 /* Main.storyboard */; };
		7705811A1F4A9C8E0002B5B9 /* Assets.xcassets in Resources */ = {isa = PBXBuildFile; fileRef = 770581191F4A9C8E0002B5B9 /* Assets.xcassets */; };
		7705811D1F4A9C8E0002B5B9 /* LaunchScreen.storyboard in Resources */ = {isa = PBXBuildFile; fileRef = 7705811B1F4A9C8E0002B5B9 /* LaunchScreen.storyboard */; };
		770581281F4A9C8F0002B5B9 /* GoBirdTests.swift in Sources */ = {isa = PBXBuildFile; fileRef = 770581271F4A9C8F0002B5B9 /* GoBirdTests.swift */; };
		770581331F4A9C8F0002B5B9 /* GoBirdUITests.swift in Sources */ = {isa = PBXBuildFile; fileRef = 770581321F4A9C8F0002B5B9 /* GoBirdUITests.swift */; };
		770581541F4A9DAE0002B5B9 /* Icon-App-20x20@2x.png in Resources */ = {isa = PBXBuildFile; fileRef = 770581411F4A9DAD0002B5B9 /* Icon-App-20x20@2x.png */; };
		770581551F4A9DAE0002B5B9 /* Icon-App-20x20@3x.png in Resources */ = {isa = PBXBuildFile; fileRef = 770581421F4A9DAD0002B5B9 /* Icon-App-20x20@3x.png */; };
		770581561F4A9DAE0002B5B9 /* Icon-App-29x29@2x.png in Resources */ = {isa = PBXBuildFile; fileRef = 770581431F4A9DAD0002B5B9 /* Icon-App-29x29@2x.png */; };
		770581571F4A9DAE0002B5B9 /* Icon-App-29x29@3x.png in Resources */ = {isa = PBXBuildFile; fileRef = 770581441F4A9DAD0002B5B9 /* Icon-App-29x29@3x.png */; };
		770581581F4A9DAE0002B5B9 /* Icon-App-40x40@2x.png in Resources */ = {isa = PBXBuildFile; fileRef = 770581451F4A9DAD0002B5B9 /* Icon-App-40x40@2x.png */; };
		770581591F4A9DAE0002B5B9 /* Icon-App-40x40@3x.png in Resources */ = {isa = PBXBuildFile; fileRef = 770581461F4A9DAD0002B5B9 /* Icon-App-40x40@3x.png */; };
		7705815A1F4A9DAE0002B5B9 /* Icon-App-60x60@2x.png in Resources */ = {isa = PBXBuildFile; fileRef = 770581471F4A9DAD0002B5B9 /* Icon-App-60x60@2x.png */; };
		7705815B1F4A9DAE0002B5B9 /* Icon-App-60x60@3x.png in Resources */ = {isa = PBXBuildFile; fileRef = 770581481F4A9DAD0002B5B9 /* Icon-App-60x60@3x.png */; };
		770581611F4A9DAE0002B5B9 /* fate1.mp3 in Resources */ = {isa = PBXBuildFile; fileRef = 770581501F4A9DAD0002B5B9 /* fate1.mp3 */; };
		770581621F4A9DAE0002B5B9 /* fate2.mp3 in Resources */ = {isa = PBXBuildFile; fileRef = 770581511F4A9DAD0002B5B9 /* fate2.mp3 */; };
		770581631F4A9DAE0002B5B9 /* hit.mp3 in Resources */ = {isa = PBXBuildFile; fileRef = 770581521F4A9DAD0002B5B9 /* hit.mp3 */; };
		770581641F4A9DAE0002B5B9 /* fly.mp3 in Resources */ = {isa = PBXBuildFile; fileRef = 770581531F4A9DAE0002B5B9 /* fly.mp3 */; };
		7705816A1F4AB8680002B5B9 /* Audio.swift in Sources */ = {isa = PBXBuildFile; fileRef = 770581691F4AB8680002B5B9 /* Audio.swift */; };
		7705816D1F4ABDAF0002B5B9 /* AVFoundation.framework in Frameworks */ = {isa = PBXBuildFile; fileRef = 7705816C1F4ABDAF0002B5B9 /* AVFoundation.framework */; };
		AA32E9021F936D9F00047067 /* background.png in Resources */ = {isa = PBXBuildFile; fileRef = AA32E8FC1F936D9F00047067 /* background.png */; };
		AA32E9031F936D9F00047067 /* bird_confusion.png in Resources */ = {isa = PBXBuildFile; fileRef = AA32E8FD1F936D9F00047067 /* bird_confusion.png */; };
		AA32E9041F936D9F00047067 /* bird_normal.png in Resources */ = {isa = PBXBuildFile; fileRef = AA32E8FE1F936D9F00047067 /* bird_normal.png */; };
		AA32E9051F936D9F00047067 /* icon.png in Resources */ = {isa = PBXBuildFile; fileRef = AA32E8FF1F936D9F00047067 /* icon.png */; };
		AA32E9061F936D9F00047067 /* launch.png in Resources */ = {isa = PBXBuildFile; fileRef = AA32E9001F936D9F00047067 /* launch.png */; };
		AA32E9071F936D9F00047067 /* pipe.png in Resources */ = {isa = PBXBuildFile; fileRef = AA32E9011F936D9F00047067 /* pipe.png */; };
/* End PBXBuildFile section */

/* Begin PBXContainerItemProxy section */
		770581241F4A9C8F0002B5B9 /* PBXContainerItemProxy */ = {
			isa = PBXContainerItemProxy;
			containerPortal = 770581071F4A9C8E0002B5B9 /* Project object */;
			proxyType = 1;
			remoteGlobalIDString = 7705810E1F4A9C8E0002B5B9;
			remoteInfo = GoBird;
		};
		7705812F1F4A9C8F0002B5B9 /* PBXContainerItemProxy */ = {
			isa = PBXContainerItemProxy;
			containerPortal = 770581071F4A9C8E0002B5B9 /* Project object */;
			proxyType = 1;
			remoteGlobalIDString = 7705810E1F4A9C8E0002B5B9;
			remoteInfo = GoBird;
		};
/* End PBXContainerItemProxy section */

/* Begin PBXFileReference section */
		7705810F1F4A9C8E0002B5B9 /* GoBird.app */ = {isa = PBXFileReference; explicitFileType = wrapper.application; includeInIndex = 0; path = GoBird.app; sourceTree = BUILT_PRODUCTS_DIR; };
		770581121F4A9C8E0002B5B9 /* AppDelegate.swift */ = {isa = PBXFileReference; lastKnownFileType = sourcecode.swift; path = AppDelegate.swift; sourceTree = "<group>"; };
		770581141F4A9C8E0002B5B9 /* ViewController.swift */ = {isa = PBXFileReference; lastKnownFileType = sourcecode.swift; path = ViewController.swift; sourceTree = "<group>"; };
		770581171F4A9C8E0002B5B9 /* Base */ = {isa = PBXFileReference; lastKnownFileType = file.storyboard; name = Base; path = Base.lproj/Main.storyboard; sourceTree = "<group>"; };
		770581191F4A9C8E0002B5B9 /* Assets.xcassets */ = {isa = PBXFileReference; lastKnownFileType = folder.assetcatalog; path = Assets.xcassets; sourceTree = "<group>"; };
		7705811C1F4A9C8E0002B5B9 /* Base */ = {isa = PBXFileReference; lastKnownFileType = file.storyboard; name = Base; path = Base.lproj/LaunchScreen.storyboard; sourceTree = "<group>"; };
		7705811E1F4A9C8E0002B5B9 /* Info.plist */ = {isa = PBXFileReference; lastKnownFileType = text.plist.xml; path = Info.plist; sourceTree = "<group>"; };
		770581231F4A9C8F0002B5B9 /* GoBirdTests.xctest */ = {isa = PBXFileReference; explicitFileType = wrapper.cfbundle; includeInIndex = 0; path = GoBirdTests.xctest; sourceTree = BUILT_PRODUCTS_DIR; };
		770581271F4A9C8F0002B5B9 /* GoBirdTests.swift */ = {isa = PBXFileReference; lastKnownFileType = sourcecode.swift; path = GoBirdTests.swift; sourceTree = "<group>"; };
		770581291F4A9C8F0002B5B9 /* Info.plist */ = {isa = PBXFileReference; lastKnownFileType = text.plist.xml; path = Info.plist; sourceTree = "<group>"; };
		7705812E1F4A9C8F0002B5B9 /* GoBirdUITests.xctest */ = {isa = PBXFileReference; explicitFileType = wrapper.cfbundle; includeInIndex = 0; path = GoBirdUITests.xctest; sourceTree = BUILT_PRODUCTS_DIR; };
		770581321F4A9C8F0002B5B9 /* GoBirdUITests.swift */ = {isa = PBXFileReference; lastKnownFileType = sourcecode.swift; path = GoBirdUITests.swift; sourceTree = "<group>"; };
		770581341F4A9C8F0002B5B9 /* Info.plist */ = {isa = PBXFileReference; lastKnownFileType = text.plist.xml; path = Info.plist; sourceTree = "<group>"; };
		770581411F4A9DAD0002B5B9 /* Icon-App-20x20@2x.png */ = {isa = PBXFileReference; lastKnownFileType = image.png; path = "Icon-App-20x20@2x.png"; sourceTree = "<group>"; };
		770581421F4A9DAD0002B5B9 /* Icon-App-20x20@3x.png */ = {isa = PBXFileReference; lastKnownFileType = image.png; path = "Icon-App-20x20@3x.png"; sourceTree = "<group>"; };
		770581431F4A9DAD0002B5B9 /* Icon-App-29x29@2x.png */ = {isa = PBXFileReference; lastKnownFileType = image.png; path = "Icon-App-29x29@2x.png"; sourceTree = "<group>"; };
		770581441F4A9DAD0002B5B9 /* Icon-App-29x29@3x.png */ = {isa = PBXFileReference; lastKnownFileType = image.png; path = "Icon-App-29x29@3x.png"; sourceTree = "<group>"; };
		770581451F4A9DAD0002B5B9 /* Icon-App-40x40@2x.png */ = {isa = PBXFileReference; lastKnownFileType = image.png; path = "Icon-App-40x40@2x.png"; sourceTree = "<group>"; };
		770581461F4A9DAD0002B5B9 /* Icon-App-40x40@3x.png */ = {isa = PBXFileReference; lastKnownFileType = image.png; path = "Icon-App-40x40@3x.png"; sourceTree = "<group>"; };
		770581471F4A9DAD0002B5B9 /* Icon-App-60x60@2x.png */ = {isa = PBXFileReference; lastKnownFileType = image.png; path = "Icon-App-60x60@2x.png"; sourceTree = "<group>"; };
		770581481F4A9DAD0002B5B9 /* Icon-App-60x60@3x.png */ = {isa = PBXFileReference; lastKnownFileType = image.png; path = "Icon-App-60x60@3x.png"; sourceTree = "<group>"; };
		770581501F4A9DAD0002B5B9 /* fate1.mp3 */ = {isa = PBXFileReference; lastKnownFileType = audio.mp3; path = fate1.mp3; sourceTree = "<group>"; };
		770581511F4A9DAD0002B5B9 /* fate2.mp3 */ = {isa = PBXFileReference; lastKnownFileType = audio.mp3; path = fate2.mp3; sourceTree = "<group>"; };
		770581521F4A9DAD0002B5B9 /* hit.mp3 */ = {isa = PBXFileReference; lastKnownFileType = audio.mp3; path = hit.mp3; sourceTree = "<group>"; };
		770581531F4A9DAE0002B5B9 /* fly.mp3 */ = {isa = PBXFileReference; lastKnownFileType = audio.mp3; path = fly.mp3; sourceTree = "<group>"; };
		770581691F4AB8680002B5B9 /* Audio.swift */ = {isa = PBXFileReference; fileEncoding = 4; lastKnownFileType = sourcecode.swift; path = Audio.swift; sourceTree = "<group>"; };
		7705816C1F4ABDAF0002B5B9 /* AVFoundation.framework */ = {isa = PBXFileReference; lastKnownFileType = wrapper.framework; name = AVFoundation.framework; path = System/Library/Frameworks/AVFoundation.framework; sourceTree = SDKROOT; };
		AA32E8FC1F936D9F00047067 /* background.png */ = {isa = PBXFileReference; lastKnownFileType = image.png; name = background.png; path = images/background.png; sourceTree = "<group>"; };
		AA32E8FD1F936D9F00047067 /* bird_confusion.png */ = {isa = PBXFileReference; lastKnownFileType = image.png; name = bird_confusion.png; path = images/bird_confusion.png; sourceTree = "<group>"; };
		AA32E8FE1F936D9F00047067 /* bird_normal.png */ = {isa = PBXFileReference; lastKnownFileType = image.png; name = bird_normal.png; path = images/bird_normal.png; sourceTree = "<group>"; };
		AA32E8FF1F936D9F00047067 /* icon.png */ = {isa = PBXFileReference; lastKnownFileType = image.png; name = icon.png; path = images/icon.png; sourceTree = "<group>"; };
		AA32E9001F936D9F00047067 /* launch.png */ = {isa = PBXFileReference; lastKnownFileType = image.png; name = launch.png; path = images/launch.png; sourceTree = "<group>"; };
		AA32E9011F936D9F00047067 /* pipe.png */ = {isa = PBXFileReference; lastKnownFileType = image.png; name = pipe.png; path = images/pipe.png; sourceTree = "<group>"; };
/* End PBXFileReference section */

/* Begin PBXFrameworksBuildPhase section */
		7705810C1F4A9C8E0002B5B9 /* Frameworks */ = {
			isa = PBXFrameworksBuildPhase;
			buildActionMask = 2147483647;
			files = (
				7705816D1F4ABDAF0002B5B9 /* AVFoundation.framework in Frameworks */,
			);
			runOnlyForDeploymentPostprocessing = 0;
		};
		770581201F4A9C8F0002B5B9 /* Frameworks */ = {
			isa = PBXFrameworksBuildPhase;
			buildActionMask = 2147483647;
			files = (
			);
			runOnlyForDeploymentPostprocessing = 0;
		};
		7705812B1F4A9C8F0002B5B9 /* Frameworks */ = {
			isa = PBXFrameworksBuildPhase;
			buildActionMask = 2147483647;
			files = (
			);
			runOnlyForDeploymentPostprocessing = 0;
		};
/* End PBXFrameworksBuildPhase section */

/* Begin PBXGroup section */
		770581061F4A9C8E0002B5B9 = {
			isa = PBXGroup;
			children = (
				770581111F4A9C8E0002B5B9 /* GoBird */,
				770581261F4A9C8F0002B5B9 /* GoBirdTests */,
				770581311F4A9C8F0002B5B9 /* GoBirdUITests */,
				770581101F4A9C8E0002B5B9 /* Products */,
				7705816B1F4ABDAE0002B5B9 /* Frameworks */,
			);
			sourceTree = "<group>";
		};
		770581101F4A9C8E0002B5B9 /* Products */ = {
			isa = PBXGroup;
			children = (
				7705810F1F4A9C8E0002B5B9 /* GoBird.app */,
				770581231F4A9C8F0002B5B9 /* GoBirdTests.xctest */,
				7705812E1F4A9C8F0002B5B9 /* GoBirdUITests.xctest */,
			);
			name = Products;
			sourceTree = "<group>";
		};
		770581111F4A9C8E0002B5B9 /* GoBird */ = {
			isa = PBXGroup;
			children = (
				AA32E8FC1F936D9F00047067 /* background.png */,
				AA32E8FD1F936D9F00047067 /* bird_confusion.png */,
				AA32E8FE1F936D9F00047067 /* bird_normal.png */,
				AA32E8FF1F936D9F00047067 /* icon.png */,
				AA32E9001F936D9F00047067 /* launch.png */,
				AA32E9011F936D9F00047067 /* pipe.png */,
				770581401F4A9DAD0002B5B9 /* iconset */,
				7705814F1F4A9DAD0002B5B9 /* sounds */,
				770581691F4AB8680002B5B9 /* Audio.swift */,
				770581121F4A9C8E0002B5B9 /* AppDelegate.swift */,
				770581141F4A9C8E0002B5B9 /* ViewController.swift */,
				770581161F4A9C8E0002B5B9 /* Main.storyboard */,
				770581191F4A9C8E0002B5B9 /* Assets.xcassets */,
				7705811B1F4A9C8E0002B5B9 /* LaunchScreen.storyboard */,
				7705811E1F4A9C8E0002B5B9 /* Info.plist */,
			);
			path = GoBird;
			sourceTree = "<group>";
		};
		770581261F4A9C8F0002B5B9 /* GoBirdTests */ = {
			isa = PBXGroup;
			children = (
				770581271F4A9C8F0002B5B9 /* GoBirdTests.swift */,
				770581291F4A9C8F0002B5B9 /* Info.plist */,
			);
			path = GoBirdTests;
			sourceTree = "<group>";
		};
		770581311F4A9C8F0002B5B9 /* GoBirdUITests */ = {
			isa = PBXGroup;
			children = (
				770581321F4A9C8F0002B5B9 /* GoBirdUITests.swift */,
				770581341F4A9C8F0002B5B9 /* Info.plist */,
			);
			path = GoBirdUITests;
			sourceTree = "<group>";
		};
		770581401F4A9DAD0002B5B9 /* iconset */ = {
			isa = PBXGroup;
			children = (
				770581411F4A9DAD0002B5B9 /* Icon-App-20x20@2x.png */,
				770581421F4A9DAD0002B5B9 /* Icon-App-20x20@3x.png */,
				770581431F4A9DAD0002B5B9 /* Icon-App-29x29@2x.png */,
				770581441F4A9DAD0002B5B9 /* Icon-App-29x29@3x.png */,
				770581451F4A9DAD0002B5B9 /* Icon-App-40x40@2x.png */,
				770581461F4A9DAD0002B5B9 /* Icon-App-40x40@3x.png */,
				770581471F4A9DAD0002B5B9 /* Icon-App-60x60@2x.png */,
				770581481F4A9DAD0002B5B9 /* Icon-App-60x60@3x.png */,
			);
			path = iconset;
			sourceTree = "<group>";
		};
		7705814F1F4A9DAD0002B5B9 /* sounds */ = {
			isa = PBXGroup;
			children = (
				770581501F4A9DAD0002B5B9 /* fate1.mp3 */,
				770581511F4A9DAD0002B5B9 /* fate2.mp3 */,
				770581521F4A9DAD0002B5B9 /* hit.mp3 */,
				770581531F4A9DAE0002B5B9 /* fly.mp3 */,
			);
			path = sounds;
			sourceTree = "<group>";
		};
		7705816B1F4ABDAE0002B5B9 /* Frameworks */ = {
			isa = PBXGroup;
			children = (
				7705816C1F4ABDAF0002B5B9 /* AVFoundation.framework */,
			);
			name = Frameworks;
			sourceTree = "<group>";
		};
/* End PBXGroup section */

/* Begin PBXNativeTarget section */
		7705810E1F4A9C8E0002B5B9 /* GoBird */ = {
			isa = PBXNativeTarget;
			buildConfigurationList = 770581371F4A9C8F0002B5B9 /* Build configuration list for PBXNativeTarget "GoBird" */;
			buildPhases = (
				7705810B1F4A9C8E0002B5B9 /* Sources */,
				7705810C1F4A9C8E0002B5B9 /* Frameworks */,
				7705810D1F4A9C8E0002B5B9 /* Resources */,
			);
			buildRules = (
			);
			dependencies = (
			);
			name = GoBird;
			productName = GoBird;
			productReference = 7705810F1F4A9C8E0002B5B9 /* GoBird.app */;
			productType = "com.apple.product-type.application";
		};
		770581221F4A9C8F0002B5B9 /* GoBirdTests */ = {
			isa = PBXNativeTarget;
			buildConfigurationList = 7705813A1F4A9C8F0002B5B9 /* Build configuration list for PBXNativeTarget "GoBirdTests" */;
			buildPhases = (
				7705811F1F4A9C8F0002B5B9 /* Sources */,
				770581201F4A9C8F0002B5B9 /* Frameworks */,
				770581211F4A9C8F0002B5B9 /* Resources */,
			);
			buildRules = (
			);
			dependencies = (
				770581251F4A9C8F0002B5B9 /* PBXTargetDependency */,
			);
			name = GoBirdTests;
			productName = GoBirdTests;
			productReference = 770581231F4A9C8F0002B5B9 /* GoBirdTests.xctest */;
			productType = "com.apple.product-type.bundle.unit-test";
		};
		7705812D1F4A9C8F0002B5B9 /* GoBirdUITests */ = {
			isa = PBXNativeTarget;
			buildConfigurationList = 7705813D1F4A9C8F0002B5B9 /* Build configuration list for PBXNativeTarget "GoBirdUITests" */;
			buildPhases = (
				7705812A1F4A9C8F0002B5B9 /* Sources */,
				7705812B1F4A9C8F0002B5B9 /* Frameworks */,
				7705812C1F4A9C8F0002B5B9 /* Resources */,
			);
			buildRules = (
			);
			dependencies = (
				770581301F4A9C8F0002B5B9 /* PBXTargetDependency */,
			);
			name = GoBirdUITests;
			productName = GoBirdUITests;
			productReference = 7705812E1F4A9C8F0002B5B9 /* GoBirdUITests.xctest */;
			productType = "com.apple.product-type.bundle.ui-testing";
		};
/* End PBXNativeTarget section */

/* Begin PBXProject section */
		770581071F4A9C8E0002B5B9 /* Project object */ = {
			isa = PBXProject;
			attributes = {
				LastSwiftUpdateCheck = 0830;
				LastUpgradeCheck = 0830;
				ORGANIZATIONNAME = CATK;
				TargetAttributes = {
					7705810E1F4A9C8E0002B5B9 = {
						CreatedOnToolsVersion = 8.3.3;
						ProvisioningStyle = Automatic;
					};
					770581221F4A9C8F0002B5B9 = {
						CreatedOnToolsVersion = 8.3.3;
						ProvisioningStyle = Automatic;
						TestTargetID = 7705810E1F4A9C8E0002B5B9;
					};
					7705812D1F4A9C8F0002B5B9 = {
						CreatedOnToolsVersion = 8.3.3;
						ProvisioningStyle = Automatic;
						TestTargetID = 7705810E1F4A9C8E0002B5B9;
					};
				};
			};
			buildConfigurationList = 7705810A1F4A9C8E0002B5B9 /* Build configuration list for PBXProject "GoBird" */;
			compatibilityVersion = "Xcode 3.2";
			developmentRegion = English;
			hasScannedForEncodings = 0;
			knownRegions = (
				en,
				Base,
			);
			mainGroup = 770581061F4A9C8E0002B5B9;
			productRefGroup = 770581101F4A9C8E0002B5B9 /* Products */;
			projectDirPath = "";
			projectRoot = "";
			targets = (
				7705810E1F4A9C8E0002B5B9 /* GoBird */,
				770581221F4A9C8F0002B5B9 /* GoBirdTests */,
				7705812D1F4A9C8F0002B5B9 /* GoBirdUITests */,
			);
		};
/* End PBXProject section */

/* Begin PBXResourcesBuildPhase section */
		7705810D1F4A9C8E0002B5B9 /* Resources */ = {
			isa = PBXResourcesBuildPhase;
			buildActionMask = 2147483647;
			files = (
				AA32E9031F936D9F00047067 /* bird_confusion.png in Resources */,
				770581611F4A9DAE0002B5B9 /* fate1.mp3 in Resources */,
				AA32E9021F936D9F00047067 /* background.png in Resources */,
				7705811D1F4A9C8E0002B5B9 /* LaunchScreen.storyboard in Resources */,
				770581621F4A9DAE0002B5B9 /* fate2.mp3 in Resources */,
				7705811A1F4A9C8E0002B5B9 /* Assets.xcassets in Resources */,
				770581571F4A9DAE0002B5B9 /* Icon-App-29x29@3x.png in Resources */,
				AA32E9041F936D9F00047067 /* bird_normal.png in Resources */,
				770581561F4A9DAE0002B5B9 /* Icon-App-29x29@2x.png in Resources */,
				770581541F4A9DAE0002B5B9 /* Icon-App-20x20@2x.png in Resources */,
				7705815B1F4A9DAE0002B5B9 /* Icon-App-60x60@3x.png in Resources */,
				AA32E9071F936D9F00047067 /* pipe.png in Resources */,
				770581551F4A9DAE0002B5B9 /* Icon-App-20x20@3x.png in Resources */,
				AA32E9051F936D9F00047067 /* icon.png in Resources */,
				7705815A1F4A9DAE0002B5B9 /* Icon-App-60x60@2x.png in Resources */,
				770581591F4A9DAE0002B5B9 /* Icon-App-40x40@3x.png in Resources */,
				770581581F4A9DAE0002B5B9 /* Icon-App-40x40@2x.png in Resources */,
				AA32E9061F936D9F00047067 /* launch.png in Resources */,
				770581181F4A9C8E0002B5B9 /* Main.storyboard in Resources */,
				770581641F4A9DAE0002B5B9 /* fly.mp3 in Resources */,
				770581631F4A9DAE0002B5B9 /* hit.mp3 in Resources */,
			);
			runOnlyForDeploymentPostprocessing = 0;
		};
		770581211F4A9C8F0002B5B9 /* Resources */ = {
			isa = PBXResourcesBuildPhase;
			buildActionMask = 2147483647;
			files = (
			);
			runOnlyForDeploymentPostprocessing = 0;
		};
		7705812C1F4A9C8F0002B5B9 /* Resources */ = {
			isa = PBXResourcesBuildPhase;
			buildActionMask = 2147483647;
			files = (
			);
			runOnlyForDeploymentPostprocessing = 0;
		};
/* End PBXResourcesBuildPhase section */

/* Begin PBXSourcesBuildPhase section */
		7705810B1F4A9C8E0002B5B9 /* Sources */ = {
			isa = PBXSourcesBuildPhase;
			buildActionMask = 2147483647;
			files = (
				770581151F4A9C8E0002B5B9 /* ViewController.swift in Sources */,
				7705816A1F4AB8680002B5B9 /* Audio.swift in Sources */,
				770581131F4A9C8E0002B5B9 /* AppDelegate.swift in Sources */,
			);
			runOnlyForDeploymentPostprocessing = 0;
		};
		7705811F1F4A9C8F0002B5B9 /* Sources */ = {
			isa = PBXSourcesBuildPhase;
			buildActionMask = 2147483647;
			files = (
				770581281F4A9C8F0002B5B9 /* GoBirdTests.swift in Sources */,
			);
			runOnlyForDeploymentPostprocessing = 0;
		};
		7705812A1F4A9C8F0002B5B9 /* Sources */ = {
			isa = PBXSourcesBuildPhase;
			buildActionMask = 2147483647;
			files = (
				770581331F4A9C8F0002B5B9 /* GoBirdUITests.swift in Sources */,
			);
			runOnlyForDeploymentPostprocessing = 0;
		};
/* End PBXSourcesBuildPhase section */

/* Begin PBXTargetDependency section */
		770581251F4A9C8F0002B5B9 /* PBXTargetDependency */ = {
			isa = PBXTargetDependency;
			target = 7705810E1F4A9C8E0002B5B9 /* GoBird */;
			targetProxy = 770581241F4A9C8F0002B5B9 /* PBXContainerItemProxy */;
		};
		770581301F4A9C8F0002B5B9 /* PBXTargetDependency */ = {
			isa = PBXTargetDependency;
			target = 7705810E1F4A9C8E0002B5B9 /* GoBird */;
			targetProxy = 7705812F1F4A9C8F0002B5B9 /* PBXContainerItemProxy */;
		};
/* End PBXTargetDependency section */

/* Begin PBXVariantGroup section */
		770581161F4A9C8E0002B5B9 /* Main.storyboard */ = {
			isa = PBXVariantGroup;
			children = (
				770581171F4A9C8E0002B5B9 /* Base */,
			);
			name = Main.storyboard;
			sourceTree = "<group>";
		};
		7705811B1F4A9C8E0002B5B9 /* LaunchScreen.storyboard */ = {
			isa = PBXVariantGroup;
			children = (
				7705811C1F4A9C8E0002B5B9 /* Base */,
			);
			name = LaunchScreen.storyboard;
			sourceTree = "<group>";
		};
/* End PBXVariantGroup section */

/* Begin XCBuildConfiguration section */
		770581351F4A9C8F0002B5B9 /* Debug */ = {
			isa = XCBuildConfiguration;
			buildSettings = {
				ALWAYS_SEARCH_USER_PATHS = NO;
				CLANG_ANALYZER_NONNULL = YES;
				CLANG_ANALYZER_NUMBER_OBJECT_CONVERSION = YES_AGGRESSIVE;
				CLANG_CXX_LANGUAGE_STANDARD = "gnu++0x";
				CLANG_CXX_LIBRARY = "libc++";
				CLANG_ENABLE_MODULES = YES;
				CLANG_ENABLE_OBJC_ARC = YES;
				CLANG_WARN_BOOL_CONVERSION = YES;
				CLANG_WARN_CONSTANT_CONVERSION = YES;
				CLANG_WARN_DIRECT_OBJC_ISA_USAGE = YES_ERROR;
				CLANG_WARN_DOCUMENTATION_COMMENTS = YES;
				CLANG_WARN_EMPTY_BODY = YES;
				CLANG_WARN_ENUM_CONVERSION = YES;
				CLANG_WARN_INFINITE_RECURSION = YES;
				CLANG_WARN_INT_CONVERSION = YES;
				CLANG_WARN_OBJC_ROOT_CLASS = YES_ERROR;
				CLANG_WARN_SUSPICIOUS_MOVE = YES;
				CLANG_WARN_UNREACHABLE_CODE = YES;
				CLANG_WARN__DUPLICATE_METHOD_MATCH = YES;
				"CODE_SIGN_IDENTITY[sdk=iphoneos*]" = "iPhone Developer";
				COPY_PHASE_STRIP = NO;
				DEBUG_INFORMATION_FORMAT = dwarf;
				ENABLE_STRICT_OBJC_MSGSEND = YES;
				ENABLE_TESTABILITY = YES;
				GCC_C_LANGUAGE_STANDARD = gnu99;
				GCC_DYNAMIC_NO_PIC = NO;
				GCC_NO_COMMON_BLOCKS = YES;
				GCC_OPTIMIZATION_LEVEL = 0;
				GCC_PREPROCESSOR_DEFINITIONS = (
					"DEBUG=1",
					"$(inherited)",
				);
				GCC_WARN_64_TO_32_BIT_CONVERSION = YES;
				GCC_WARN_ABOUT_RETURN_TYPE = YES_ERROR;
				GCC_WARN_UNDECLARED_SELECTOR = YES;
				GCC_WARN_UNINITIALIZED_AUTOS = YES_AGGRESSIVE;
				GCC_WARN_UNUSED_FUNCTION = YES;
				GCC_WARN_UNUSED_VARIABLE = YES;
				IPHONEOS_DEPLOYMENT_TARGET = 10.3;
				MTL_ENABLE_DEBUG_INFO = YES;
				ONLY_ACTIVE_ARCH = YES;
				SDKROOT = iphoneos;
				SWIFT_ACTIVE_COMPILATION_CONDITIONS = DEBUG;
				SWIFT_OPTIMIZATION_LEVEL = "-Onone";
			};
			name = Debug;
		};
		770581361F4A9C8F0002B5B9 /* Release */ = {
			isa = XCBuildConfiguration;
			buildSettings = {
				ALWAYS_SEARCH_USER_PATHS = NO;
				CLANG_ANALYZER_NONNULL = YES;
				CLANG_ANALYZER_NUMBER_OBJECT_CONVERSION = YES_AGGRESSIVE;
				CLANG_CXX_LANGUAGE_STANDARD = "gnu++0x";
				CLANG_CXX_LIBRARY = "libc++";
				CLANG_ENABLE_MODULES = YES;
				CLANG_ENABLE_OBJC_ARC = YES;
				CLANG_WARN_BOOL_CONVERSION = YES;
				CLANG_WARN_CONSTANT_CONVERSION = YES;
				CLANG_WARN_DIRECT_OBJC_ISA_USAGE = YES_ERROR;
				CLANG_WARN_DOCUMENTATION_COMMENTS = YES;
				CLANG_WARN_EMPTY_BODY = YES;
				CLANG_WARN_ENUM_CONVERSION = YES;
				CLANG_WARN_INFINITE_RECURSION = YES;
				CLANG_WARN_INT_CONVERSION = YES;
				CLANG_WARN_OBJC_ROOT_CLASS = YES_ERROR;
				CLANG_WARN_SUSPICIOUS_MOVE = YES;
				CLANG_WARN_UNREACHABLE_CODE = YES;
				CLANG_WARN__DUPLICATE_METHOD_MATCH = YES;
				"CODE_SIGN_IDENTITY[sdk=iphoneos*]" = "iPhone Developer";
				COPY_PHASE_STRIP = NO;
				DEBUG_INFORMATION_FORMAT = "dwarf-with-dsym";
				ENABLE_NS_ASSERTIONS = NO;
				ENABLE_STRICT_OBJC_MSGSEND = YES;
				GCC_C_LANGUAGE_STANDARD = gnu99;
				GCC_NO_COMMON_BLOCKS = YES;
				GCC_WARN_64_TO_32_BIT_CONVERSION = YES;
				GCC_WARN_ABOUT_RETURN_TYPE = YES_ERROR;
				GCC_WARN_UNDECLARED_SELECTOR = YES;
				GCC_WARN_UNINITIALIZED_AUTOS = YES_AGGRESSIVE;
				GCC_WARN_UNUSED_FUNCTION = YES;
				GCC_WARN_UNUSED_VARIABLE = YES;
				IPHONEOS_DEPLOYMENT_TARGET = 10.3;
				MTL_ENABLE_DEBUG_INFO = NO;
				SDKROOT = iphoneos;
				SWIFT_OPTIMIZATION_LEVEL = "-Owholemodule";
				VALIDATE_PRODUCT = YES;
			};
			name = Release;
		};
		770581381F4A9C8F0002B5B9 /* Debug */ = {
			isa = XCBuildConfiguration;
			buildSettings = {
				ASSETCATALOG_COMPILER_APPICON_NAME = AppIcon;
				DEVELOPMENT_TEAM = "";
				INFOPLIST_FILE = GoBird/Info.plist;
				LD_RUNPATH_SEARCH_PATHS = "$(inherited) @executable_path/Frameworks";
				PRODUCT_BUNDLE_IDENTIFIER = com.swift.practice.GoBird;
				PRODUCT_NAME = "$(TARGET_NAME)";
				SWIFT_VERSION = 3.0;
			};
			name = Debug;
		};
		770581391F4A9C8F0002B5B9 /* Release */ = {
			isa = XCBuildConfiguration;
			buildSettings = {
				ASSETCATALOG_COMPILER_APPICON_NAME = AppIcon;
				DEVELOPMENT_TEAM = "";
				INFOPLIST_FILE = GoBird/Info.plist;
				LD_RUNPATH_SEARCH_PATHS = "$(inherited) @executable_path/Frameworks";
				PRODUCT_BUNDLE_IDENTIFIER = com.swift.practice.GoBird;
				PRODUCT_NAME = "$(TARGET_NAME)";
				SWIFT_VERSION = 3.0;
			};
			name = Release;
		};
		7705813B1F4A9C8F0002B5B9 /* Debug */ = {
			isa = XCBuildConfiguration;
			buildSettings = {
				ALWAYS_EMBED_SWIFT_STANDARD_LIBRARIES = YES;
				BUNDLE_LOADER = "$(TEST_HOST)";
				INFOPLIST_FILE = GoBirdTests/Info.plist;
				LD_RUNPATH_SEARCH_PATHS = "$(inherited) @executable_path/Frameworks @loader_path/Frameworks";
				PRODUCT_BUNDLE_IDENTIFIER = com.swift.practice.GoBirdTests;
				PRODUCT_NAME = "$(TARGET_NAME)";
				SWIFT_VERSION = 3.0;
				TEST_HOST = "$(BUILT_PRODUCTS_DIR)/GoBird.app/GoBird";
			};
			name = Debug;
		};
		7705813C1F4A9C8F0002B5B9 /* Release */ = {
			isa = XCBuildConfiguration;
			buildSettings = {
				ALWAYS_EMBED_SWIFT_STANDARD_LIBRARIES = YES;
				BUNDLE_LOADER = "$(TEST_HOST)";
				INFOPLIST_FILE = GoBirdTests/Info.plist;
				LD_RUNPATH_SEARCH_PATHS = "$(inherited) @executable_path/Frameworks @loader_path/Frameworks";
				PRODUCT_BUNDLE_IDENTIFIER = com.swift.practice.GoBirdTests;
				PRODUCT_NAME = "$(TARGET_NAME)";
				SWIFT_VERSION = 3.0;
				TEST_HOST = "$(BUILT_PRODUCTS_DIR)/GoBird.app/GoBird";
			};
			name = Release;
		};
		7705813E1F4A9C8F0002B5B9 /* Debug */ = {
			isa = XCBuildConfiguration;
			buildSettings = {
				ALWAYS_EMBED_SWIFT_STANDARD_LIBRARIES = YES;
				INFOPLIST_FILE = GoBirdUITests/Info.plist;
				LD_RUNPATH_SEARCH_PATHS = "$(inherited) @executable_path/Frameworks @loader_path/Frameworks";
				PRODUCT_BUNDLE_IDENTIFIER = com.swift.practice.GoBirdUITests;
				PRODUCT_NAME = "$(TARGET_NAME)";
				SWIFT_VERSION = 3.0;
				TEST_TARGET_NAME = GoBird;
			};
			name = Debug;
		};
		7705813F1F4A9C8F0002B5B9 /* Release */ = {
			isa = XCBuildConfiguration;
			buildSettings = {
				ALWAYS_EMBED_SWIFT_STANDARD_LIBRARIES = YES;
				INFOPLIST_FILE = GoBirdUITests/Info.plist;
				LD_RUNPATH_SEARCH_PATHS = "$(inherited) @executable_path/Frameworks @loader_path/Frameworks";
				PRODUCT_BUNDLE_IDENTIFIER = com.swift.practice.GoBirdUITests;
				PRODUCT_NAME = "$(TARGET_NAME)";
				SWIFT_VERSION = 3.0;
				TEST_TARGET_NAME = GoBird;
			};
			name = Release;
		};
/* End XCBuildConfiguration section */

/* Begin XCConfigurationList section */
		7705810A1F4A9C8E0002B5B9 /* Build configuration list for PBXProject "GoBird" */ = {
			isa = XCConfigurationList;
			buildConfigurations = (
				770581351F4A9C8F0002B5B9 /* Debug */,
				770581361F4A9C8F0002B5B9 /* Release */,
			);
			defaultConfigurationIsVisible = 0;
			defaultConfigurationName = Release;
		};
		770581371F4A9C8F0002B5B9 /* Build configuration list for PBXNativeTarget "GoBird" */ = {
			isa = XCConfigurationList;
			buildConfigurations = (
				770581381F4A9C8F0002B5B9 /* Debug */,
				770581391F4A9C8F0002B5B9 /* Release */,
			);
			defaultConfigurationIsVisible = 0;
			defaultConfigurationName = Release;
		};
		7705813A1F4A9C8F0002B5B9 /* Build configuration list for PBXNativeTarget "GoBirdTests" */ = {
			isa = XCConfigurationList;
			buildConfigurations = (
				7705813B1F4A9C8F0002B5B9 /* Debug */,
				7705813C1F4A9C8F0002B5B9 /* Release */,
			);
			defaultConfigurationIsVisible = 0;
			defaultConfigurationName = Release;
		};
		7705813D1F4A9C8F0002B5B9 /* Build configuration list for PBXNativeTarget "GoBirdUITests" */ = {
			isa = XCConfigurationList;
			buildConfigurations = (
				7705813E1F4A9C8F0002B5B9 /* Debug */,
				7705813F1F4A9C8F0002B5B9 /* Release */,
			);
			defaultConfigurationIsVisible = 0;
			defaultConfigurationName = Release;
		};
/* End XCConfigurationList section */
	};
	rootObject = 770581071F4A9C8E0002B5B9 /* Project object */;
}
